// !$*UTF8*$!
{
	archiveVersion = 1;
	classes = {
	};
	objectVersion = 50;
	objects = {

/* Begin PBXBuildFile section */
		9675F6CE210E6F9C00081F58 /* AppDelegate.swift in Sources */ = {isa = PBXBuildFile; fileRef = 9675F6CD210E6F9C00081F58 /* AppDelegate.swift */; };
		9675F6D0210E6F9C00081F58 /* ViewController.swift in Sources */ = {isa = PBXBuildFile; fileRef = 9675F6CF210E6F9C00081F58 /* ViewController.swift */; };
		9675F6D3210E6F9C00081F58 /* Main.storyboard in Resources */ = {isa = PBXBuildFile; fileRef = 9675F6D1210E6F9C00081F58 /* Main.storyboard */; };
		9675F6D5210E6F9E00081F58 /* Assets.xcassets in Resources */ = {isa = PBXBuildFile; fileRef = 9675F6D4210E6F9E00081F58 /* Assets.xcassets */; };
		9675F6D8210E6F9E00081F58 /* LaunchScreen.storyboard in Resources */ = {isa = PBXBuildFile; fileRef = 9675F6D6210E6F9E00081F58 /* LaunchScreen.storyboard */; };
		9675F6E3210E6F9E00081F58 /* one_app_iosTests.swift in Sources */ = {isa = PBXBuildFile; fileRef = 9675F6E2210E6F9E00081F58 /* one_app_iosTests.swift */; };
		9675F6EE210E6F9E00081F58 /* one_app_iosUITests.swift in Sources */ = {isa = PBXBuildFile; fileRef = 9675F6ED210E6F9E00081F58 /* one_app_iosUITests.swift */; };
		C65FE4E421402AD0003FF3B3 /* announcements.storyboard in Resources */ = {isa = PBXBuildFile; fileRef = C65FE4E321402AD0003FF3B3 /* announcements.storyboard */; };
		C65FE4E821421270003FF3B3 /* AnnouncementsTableViewController.swift in Sources */ = {isa = PBXBuildFile; fileRef = C65FE4E721421270003FF3B3 /* AnnouncementsTableViewController.swift */; };
		C65FE4EC214214FD003FF3B3 /* SlackAPI.swift in Sources */ = {isa = PBXBuildFile; fileRef = C65FE4EB214214FD003FF3B3 /* SlackAPI.swift */; };
		C65FE4EE21422513003FF3B3 /* TextAndTs.swift in Sources */ = {isa = PBXBuildFile; fileRef = C65FE4ED21422513003FF3B3 /* TextAndTs.swift */; };
		C6A5D4CF212F490F00EE86DD /* event-schedule.storyboard in Resources */ = {isa = PBXBuildFile; fileRef = C6A5D4CE212F490F00EE86DD /* event-schedule.storyboard */; };
		C6A5D4D1212F4AB500EE86DD /* EventsTableViewController.swift in Sources */ = {isa = PBXBuildFile; fileRef = C6A5D4D0212F4AB500EE86DD /* EventsTableViewController.swift */; };
		C6A5D4D3212F4D0200EE86DD /* EventsAPI.swift in Sources */ = {isa = PBXBuildFile; fileRef = C6A5D4D2212F4D0200EE86DD /* EventsAPI.swift */; };
		C6E1C6DB2158815300ECD002 /* Event.swift in Sources */ = {isa = PBXBuildFile; fileRef = C6E1C6DA2158815300ECD002 /* Event.swift */; };
		C6E1C6DD2159AF7200ECD002 /* ColorHexParser.swift in Sources */ = {isa = PBXBuildFile; fileRef = C6E1C6DC2159AF7200ECD002 /* ColorHexParser.swift */; };
		C6E1C6DF2159B42A00ECD002 /* EventInfoTableViewController.swift in Sources */ = {isa = PBXBuildFile; fileRef = C6E1C6DE2159B42A00ECD002 /* EventInfoTableViewController.swift */; };
/* End PBXBuildFile section */

/* Begin PBXContainerItemProxy section */
		9675F6DF210E6F9E00081F58 /* PBXContainerItemProxy */ = {
			isa = PBXContainerItemProxy;
			containerPortal = 9675F6C2210E6F9C00081F58 /* Project object */;
			proxyType = 1;
			remoteGlobalIDString = 9675F6C9210E6F9C00081F58;
			remoteInfo = "one-app-ios";
		};
		9675F6EA210E6F9E00081F58 /* PBXContainerItemProxy */ = {
			isa = PBXContainerItemProxy;
			containerPortal = 9675F6C2210E6F9C00081F58 /* Project object */;
			proxyType = 1;
			remoteGlobalIDString = 9675F6C9210E6F9C00081F58;
			remoteInfo = "one-app-ios";
		};
/* End PBXContainerItemProxy section */

/* Begin PBXFileReference section */
		9675F6CA210E6F9C00081F58 /* one-app.app */ = {isa = PBXFileReference; explicitFileType = wrapper.application; includeInIndex = 0; path = "one-app.app"; sourceTree = BUILT_PRODUCTS_DIR; };
		9675F6CD210E6F9C00081F58 /* AppDelegate.swift */ = {isa = PBXFileReference; lastKnownFileType = sourcecode.swift; path = AppDelegate.swift; sourceTree = "<group>"; };
		9675F6CF210E6F9C00081F58 /* ViewController.swift */ = {isa = PBXFileReference; lastKnownFileType = sourcecode.swift; path = ViewController.swift; sourceTree = "<group>"; };
		9675F6D2210E6F9C00081F58 /* Base */ = {isa = PBXFileReference; lastKnownFileType = file.storyboard; name = Base; path = Base.lproj/Main.storyboard; sourceTree = "<group>"; };
		9675F6D4210E6F9E00081F58 /* Assets.xcassets */ = {isa = PBXFileReference; lastKnownFileType = folder.assetcatalog; path = Assets.xcassets; sourceTree = "<group>"; };
		9675F6D7210E6F9E00081F58 /* Base */ = {isa = PBXFileReference; lastKnownFileType = file.storyboard; name = Base; path = Base.lproj/LaunchScreen.storyboard; sourceTree = "<group>"; };
		9675F6D9210E6F9E00081F58 /* Info.plist */ = {isa = PBXFileReference; lastKnownFileType = text.plist.xml; path = Info.plist; sourceTree = "<group>"; };
		9675F6DE210E6F9E00081F58 /* one-appTests.xctest */ = {isa = PBXFileReference; explicitFileType = wrapper.cfbundle; includeInIndex = 0; path = "one-appTests.xctest"; sourceTree = BUILT_PRODUCTS_DIR; };
		9675F6E2210E6F9E00081F58 /* one_app_iosTests.swift */ = {isa = PBXFileReference; lastKnownFileType = sourcecode.swift; path = one_app_iosTests.swift; sourceTree = "<group>"; };
		9675F6E4210E6F9E00081F58 /* Info.plist */ = {isa = PBXFileReference; lastKnownFileType = text.plist.xml; path = Info.plist; sourceTree = "<group>"; };
		9675F6E9210E6F9E00081F58 /* one-appUITests.xctest */ = {isa = PBXFileReference; explicitFileType = wrapper.cfbundle; includeInIndex = 0; path = "one-appUITests.xctest"; sourceTree = BUILT_PRODUCTS_DIR; };
		9675F6ED210E6F9E00081F58 /* one_app_iosUITests.swift */ = {isa = PBXFileReference; lastKnownFileType = sourcecode.swift; path = one_app_iosUITests.swift; sourceTree = "<group>"; };
		9675F6EF210E6F9E00081F58 /* Info.plist */ = {isa = PBXFileReference; lastKnownFileType = text.plist.xml; path = Info.plist; sourceTree = "<group>"; };
		C65FE4E321402AD0003FF3B3 /* announcements.storyboard */ = {isa = PBXFileReference; lastKnownFileType = file.storyboard; path = announcements.storyboard; sourceTree = "<group>"; };
		C65FE4E721421270003FF3B3 /* AnnouncementsTableViewController.swift */ = {isa = PBXFileReference; lastKnownFileType = sourcecode.swift; path = AnnouncementsTableViewController.swift; sourceTree = "<group>"; };
		C65FE4EB214214FD003FF3B3 /* SlackAPI.swift */ = {isa = PBXFileReference; lastKnownFileType = sourcecode.swift; path = SlackAPI.swift; sourceTree = "<group>"; };
		C65FE4ED21422513003FF3B3 /* TextAndTs.swift */ = {isa = PBXFileReference; lastKnownFileType = sourcecode.swift; path = TextAndTs.swift; sourceTree = "<group>"; };
		C6A5D4CE212F490F00EE86DD /* event-schedule.storyboard */ = {isa = PBXFileReference; lastKnownFileType = file.storyboard; path = "event-schedule.storyboard"; sourceTree = "<group>"; };
		C6A5D4D0212F4AB500EE86DD /* EventsTableViewController.swift */ = {isa = PBXFileReference; lastKnownFileType = sourcecode.swift; path = EventsTableViewController.swift; sourceTree = "<group>"; };
		C6A5D4D2212F4D0200EE86DD /* EventsAPI.swift */ = {isa = PBXFileReference; lastKnownFileType = sourcecode.swift; path = EventsAPI.swift; sourceTree = "<group>"; };
		C6E1C6DA2158815300ECD002 /* Event.swift */ = {isa = PBXFileReference; lastKnownFileType = sourcecode.swift; path = Event.swift; sourceTree = "<group>"; };
		C6E1C6DC2159AF7200ECD002 /* ColorHexParser.swift */ = {isa = PBXFileReference; lastKnownFileType = sourcecode.swift; path = ColorHexParser.swift; sourceTree = "<group>"; };
		C6E1C6DE2159B42A00ECD002 /* EventInfoTableViewController.swift */ = {isa = PBXFileReference; lastKnownFileType = sourcecode.swift; path = EventInfoTableViewController.swift; sourceTree = "<group>"; };
/* End PBXFileReference section */

/* Begin PBXFrameworksBuildPhase section */
		9675F6C7210E6F9C00081F58 /* Frameworks */ = {
			isa = PBXFrameworksBuildPhase;
			buildActionMask = 2147483647;
			files = (
			);
			runOnlyForDeploymentPostprocessing = 0;
		};
		9675F6DB210E6F9E00081F58 /* Frameworks */ = {
			isa = PBXFrameworksBuildPhase;
			buildActionMask = 2147483647;
			files = (
			);
			runOnlyForDeploymentPostprocessing = 0;
		};
		9675F6E6210E6F9E00081F58 /* Frameworks */ = {
			isa = PBXFrameworksBuildPhase;
			buildActionMask = 2147483647;
			files = (
			);
			runOnlyForDeploymentPostprocessing = 0;
		};
/* End PBXFrameworksBuildPhase section */

/* Begin PBXGroup section */
		9675F6C1210E6F9C00081F58 = {
			isa = PBXGroup;
			children = (
				9675F6CC210E6F9C00081F58 /* one-app-ios */,
				9675F6E1210E6F9E00081F58 /* one-app-iosTests */,
				9675F6EC210E6F9E00081F58 /* one-app-iosUITests */,
				9675F6CB210E6F9C00081F58 /* Products */,
			);
			sourceTree = "<group>";
		};
		9675F6CB210E6F9C00081F58 /* Products */ = {
			isa = PBXGroup;
			children = (
				9675F6CA210E6F9C00081F58 /* one-app.app */,
				9675F6DE210E6F9E00081F58 /* one-appTests.xctest */,
				9675F6E9210E6F9E00081F58 /* one-appUITests.xctest */,
			);
			name = Products;
			sourceTree = "<group>";
		};
		9675F6CC210E6F9C00081F58 /* one-app-ios */ = {
			isa = PBXGroup;
			children = (
				9675F6D9210E6F9E00081F58 /* Info.plist */,
				C6A5D4CD212F487A00EE86DD /* init */,
				C65FE4E221402A54003FF3B3 /* announcements */,
				C6A5D4CC212F486F00EE86DD /* event-schedule */,
			);
			path = "one-app-ios";
			sourceTree = "<group>";
		};
		9675F6E1210E6F9E00081F58 /* one-app-iosTests */ = {
			isa = PBXGroup;
			children = (
				9675F6E2210E6F9E00081F58 /* one_app_iosTests.swift */,
				9675F6E4210E6F9E00081F58 /* Info.plist */,
			);
			path = "one-app-iosTests";
			sourceTree = "<group>";
		};
		9675F6EC210E6F9E00081F58 /* one-app-iosUITests */ = {
			isa = PBXGroup;
			children = (
				9675F6ED210E6F9E00081F58 /* one_app_iosUITests.swift */,
				9675F6EF210E6F9E00081F58 /* Info.plist */,
			);
			path = "one-app-iosUITests";
			sourceTree = "<group>";
		};
		C65FE4E221402A54003FF3B3 /* announcements */ = {
			isa = PBXGroup;
			children = (
				C65FE4E321402AD0003FF3B3 /* announcements.storyboard */,
				C65FE4E721421270003FF3B3 /* AnnouncementsTableViewController.swift */,
				C65FE4EB214214FD003FF3B3 /* SlackAPI.swift */,
				C65FE4ED21422513003FF3B3 /* TextAndTs.swift */,
			);
			path = announcements;
			sourceTree = "<group>";
		};
		C6A5D4CC212F486F00EE86DD /* event-schedule */ = {
			isa = PBXGroup;
			children = (
				C6A5D4CE212F490F00EE86DD /* event-schedule.storyboard */,
				C6A5D4D0212F4AB500EE86DD /* EventsTableViewController.swift */,
				C6E1C6DE2159B42A00ECD002 /* EventInfoTableViewController.swift */,
				C6A5D4D2212F4D0200EE86DD /* EventsAPI.swift */,
				C6E1C6DA2158815300ECD002 /* Event.swift */,
				C6E1C6DC2159AF7200ECD002 /* ColorHexParser.swift */,
			);
			path = "event-schedule";
			sourceTree = "<group>";
		};
		C6A5D4CD212F487A00EE86DD /* init */ = {
			isa = PBXGroup;
			children = (
				9675F6CD210E6F9C00081F58 /* AppDelegate.swift */,
				9675F6CF210E6F9C00081F58 /* ViewController.swift */,
				9675F6D1210E6F9C00081F58 /* Main.storyboard */,
				9675F6D4210E6F9E00081F58 /* Assets.xcassets */,
				9675F6D6210E6F9E00081F58 /* LaunchScreen.storyboard */,
			);
			path = init;
			sourceTree = "<group>";
		};
/* End PBXGroup section */

/* Begin PBXNativeTarget section */
		9675F6C9210E6F9C00081F58 /* one-app */ = {
			isa = PBXNativeTarget;
			buildConfigurationList = 9675F6F2210E6F9E00081F58 /* Build configuration list for PBXNativeTarget "one-app" */;
			buildPhases = (
				9675F6C6210E6F9C00081F58 /* Sources */,
				9675F6C7210E6F9C00081F58 /* Frameworks */,
				9675F6C8210E6F9C00081F58 /* Resources */,
				9675F6FB210E71A000081F58 /* SwiftLint */,
			);
			buildRules = (
			);
			dependencies = (
			);
			name = "one-app";
			productName = "one-app-ios";
			productReference = 9675F6CA210E6F9C00081F58 /* one-app.app */;
			productType = "com.apple.product-type.application";
		};
		9675F6DD210E6F9E00081F58 /* one-appTests */ = {
			isa = PBXNativeTarget;
			buildConfigurationList = 9675F6F5210E6F9E00081F58 /* Build configuration list for PBXNativeTarget "one-appTests" */;
			buildPhases = (
				9675F6DA210E6F9E00081F58 /* Sources */,
				9675F6DB210E6F9E00081F58 /* Frameworks */,
				9675F6DC210E6F9E00081F58 /* Resources */,
			);
			buildRules = (
			);
			dependencies = (
				9675F6E0210E6F9E00081F58 /* PBXTargetDependency */,
			);
			name = "one-appTests";
			productName = "one-app-iosTests";
			productReference = 9675F6DE210E6F9E00081F58 /* one-appTests.xctest */;
			productType = "com.apple.product-type.bundle.unit-test";
		};
		9675F6E8210E6F9E00081F58 /* one-appUITests */ = {
			isa = PBXNativeTarget;
			buildConfigurationList = 9675F6F8210E6F9E00081F58 /* Build configuration list for PBXNativeTarget "one-appUITests" */;
			buildPhases = (
				9675F6E5210E6F9E00081F58 /* Sources */,
				9675F6E6210E6F9E00081F58 /* Frameworks */,
				9675F6E7210E6F9E00081F58 /* Resources */,
			);
			buildRules = (
			);
			dependencies = (
				9675F6EB210E6F9E00081F58 /* PBXTargetDependency */,
			);
			name = "one-appUITests";
			productName = "one-app-iosUITests";
			productReference = 9675F6E9210E6F9E00081F58 /* one-appUITests.xctest */;
			productType = "com.apple.product-type.bundle.ui-testing";
		};
/* End PBXNativeTarget section */

/* Begin PBXProject section */
		9675F6C2210E6F9C00081F58 /* Project object */ = {
			isa = PBXProject;
			attributes = {
				LastSwiftUpdateCheck = 0940;
				LastUpgradeCheck = 0940;
				ORGANIZATIONNAME = HackRU;
				TargetAttributes = {
					9675F6C9210E6F9C00081F58 = {
						CreatedOnToolsVersion = 9.4.1;
					};
					9675F6DD210E6F9E00081F58 = {
						CreatedOnToolsVersion = 9.4.1;
						TestTargetID = 9675F6C9210E6F9C00081F58;
					};
					9675F6E8210E6F9E00081F58 = {
						CreatedOnToolsVersion = 9.4.1;
						TestTargetID = 9675F6C9210E6F9C00081F58;
					};
				};
			};
			buildConfigurationList = 9675F6C5210E6F9C00081F58 /* Build configuration list for PBXProject "one-app" */;
			compatibilityVersion = "Xcode 9.3";
			developmentRegion = en;
			hasScannedForEncodings = 0;
			knownRegions = (
				en,
				Base,
			);
			mainGroup = 9675F6C1210E6F9C00081F58;
			productRefGroup = 9675F6CB210E6F9C00081F58 /* Products */;
			projectDirPath = "";
			projectRoot = "";
			targets = (
				9675F6C9210E6F9C00081F58 /* one-app */,
				9675F6DD210E6F9E00081F58 /* one-appTests */,
				9675F6E8210E6F9E00081F58 /* one-appUITests */,
			);
		};
/* End PBXProject section */

/* Begin PBXResourcesBuildPhase section */
		9675F6C8210E6F9C00081F58 /* Resources */ = {
			isa = PBXResourcesBuildPhase;
			buildActionMask = 2147483647;
			files = (
				C65FE4E421402AD0003FF3B3 /* announcements.storyboard in Resources */,
				C6A5D4CF212F490F00EE86DD /* event-schedule.storyboard in Resources */,
				9675F6D8210E6F9E00081F58 /* LaunchScreen.storyboard in Resources */,
				9675F6D5210E6F9E00081F58 /* Assets.xcassets in Resources */,
				9675F6D3210E6F9C00081F58 /* Main.storyboard in Resources */,
			);
			runOnlyForDeploymentPostprocessing = 0;
		};
		9675F6DC210E6F9E00081F58 /* Resources */ = {
			isa = PBXResourcesBuildPhase;
			buildActionMask = 2147483647;
			files = (
			);
			runOnlyForDeploymentPostprocessing = 0;
		};
		9675F6E7210E6F9E00081F58 /* Resources */ = {
			isa = PBXResourcesBuildPhase;
			buildActionMask = 2147483647;
			files = (
			);
			runOnlyForDeploymentPostprocessing = 0;
		};
/* End PBXResourcesBuildPhase section */

/* Begin PBXShellScriptBuildPhase section */
		9675F6FB210E71A000081F58 /* SwiftLint */ = {
			isa = PBXShellScriptBuildPhase;
			buildActionMask = 2147483647;
			files = (
			);
			inputPaths = (
			);
			name = SwiftLint;
			outputPaths = (
			);
			runOnlyForDeploymentPostprocessing = 0;
			shellPath = /bin/sh;
			shellScript = "if which swiftlint >/dev/null; then\n    swiftlint\nelse\n    echo \"warning: SwiftLint not installed, download from https://github.com/realm/SwiftLint\"\nfi";
		};
/* End PBXShellScriptBuildPhase section */

/* Begin PBXSourcesBuildPhase section */
		9675F6C6210E6F9C00081F58 /* Sources */ = {
			isa = PBXSourcesBuildPhase;
			buildActionMask = 2147483647;
			files = (
				C6E1C6DB2158815300ECD002 /* Event.swift in Sources */,
				C65FE4E821421270003FF3B3 /* AnnouncementsTableViewController.swift in Sources */,
				9675F6D0210E6F9C00081F58 /* ViewController.swift in Sources */,
				C6A5D4D1212F4AB500EE86DD /* EventsTableViewController.swift in Sources */,
				C65FE4EE21422513003FF3B3 /* TextAndTs.swift in Sources */,
				C6A5D4D3212F4D0200EE86DD /* EventsAPI.swift in Sources */,
				C6E1C6DD2159AF7200ECD002 /* ColorHexParser.swift in Sources */,
				9675F6CE210E6F9C00081F58 /* AppDelegate.swift in Sources */,
				C6E1C6DF2159B42A00ECD002 /* EventInfoTableViewController.swift in Sources */,
				C65FE4EC214214FD003FF3B3 /* SlackAPI.swift in Sources */,
			);
			runOnlyForDeploymentPostprocessing = 0;
		};
		9675F6DA210E6F9E00081F58 /* Sources */ = {
			isa = PBXSourcesBuildPhase;
			buildActionMask = 2147483647;
			files = (
				9675F6E3210E6F9E00081F58 /* one_app_iosTests.swift in Sources */,
			);
			runOnlyForDeploymentPostprocessing = 0;
		};
		9675F6E5210E6F9E00081F58 /* Sources */ = {
			isa = PBXSourcesBuildPhase;
			buildActionMask = 2147483647;
			files = (
				9675F6EE210E6F9E00081F58 /* one_app_iosUITests.swift in Sources */,
			);
			runOnlyForDeploymentPostprocessing = 0;
		};
/* End PBXSourcesBuildPhase section */

/* Begin PBXTargetDependency section */
		9675F6E0210E6F9E00081F58 /* PBXTargetDependency */ = {
			isa = PBXTargetDependency;
			target = 9675F6C9210E6F9C00081F58 /* one-app */;
			targetProxy = 9675F6DF210E6F9E00081F58 /* PBXContainerItemProxy */;
		};
		9675F6EB210E6F9E00081F58 /* PBXTargetDependency */ = {
			isa = PBXTargetDependency;
			target = 9675F6C9210E6F9C00081F58 /* one-app */;
			targetProxy = 9675F6EA210E6F9E00081F58 /* PBXContainerItemProxy */;
		};
/* End PBXTargetDependency section */

/* Begin PBXVariantGroup section */
		9675F6D1210E6F9C00081F58 /* Main.storyboard */ = {
			isa = PBXVariantGroup;
			children = (
				9675F6D2210E6F9C00081F58 /* Base */,
			);
			name = Main.storyboard;
			sourceTree = "<group>";
		};
		9675F6D6210E6F9E00081F58 /* LaunchScreen.storyboard */ = {
			isa = PBXVariantGroup;
			children = (
				9675F6D7210E6F9E00081F58 /* Base */,
			);
			name = LaunchScreen.storyboard;
			sourceTree = "<group>";
		};
/* End PBXVariantGroup section */

/* Begin XCBuildConfiguration section */
		9675F6F0210E6F9E00081F58 /* Debug */ = {
			isa = XCBuildConfiguration;
			buildSettings = {
				ALWAYS_SEARCH_USER_PATHS = NO;
				CLANG_ANALYZER_NONNULL = YES;
				CLANG_ANALYZER_NUMBER_OBJECT_CONVERSION = YES_AGGRESSIVE;
				CLANG_CXX_LANGUAGE_STANDARD = "gnu++14";
				CLANG_CXX_LIBRARY = "libc++";
				CLANG_ENABLE_MODULES = YES;
				CLANG_ENABLE_OBJC_ARC = YES;
				CLANG_ENABLE_OBJC_WEAK = YES;
				CLANG_WARN_BLOCK_CAPTURE_AUTORELEASING = YES;
				CLANG_WARN_BOOL_CONVERSION = YES;
				CLANG_WARN_COMMA = YES;
				CLANG_WARN_CONSTANT_CONVERSION = YES;
				CLANG_WARN_DEPRECATED_OBJC_IMPLEMENTATIONS = YES;
				CLANG_WARN_DIRECT_OBJC_ISA_USAGE = YES_ERROR;
				CLANG_WARN_DOCUMENTATION_COMMENTS = YES;
				CLANG_WARN_EMPTY_BODY = YES;
				CLANG_WARN_ENUM_CONVERSION = YES;
				CLANG_WARN_INFINITE_RECURSION = YES;
				CLANG_WARN_INT_CONVERSION = YES;
				CLANG_WARN_NON_LITERAL_NULL_CONVERSION = YES;
				CLANG_WARN_OBJC_IMPLICIT_RETAIN_SELF = YES;
				CLANG_WARN_OBJC_LITERAL_CONVERSION = YES;
				CLANG_WARN_OBJC_ROOT_CLASS = YES_ERROR;
				CLANG_WARN_RANGE_LOOP_ANALYSIS = YES;
				CLANG_WARN_STRICT_PROTOTYPES = YES;
				CLANG_WARN_SUSPICIOUS_MOVE = YES;
				CLANG_WARN_UNGUARDED_AVAILABILITY = YES_AGGRESSIVE;
				CLANG_WARN_UNREACHABLE_CODE = YES;
				CLANG_WARN__DUPLICATE_METHOD_MATCH = YES;
				CODE_SIGN_IDENTITY = "iPhone Developer";
				COPY_PHASE_STRIP = NO;
				DEBUG_INFORMATION_FORMAT = dwarf;
				ENABLE_STRICT_OBJC_MSGSEND = YES;
				ENABLE_TESTABILITY = YES;
				GCC_C_LANGUAGE_STANDARD = gnu11;
				GCC_DYNAMIC_NO_PIC = NO;
				GCC_NO_COMMON_BLOCKS = YES;
				GCC_OPTIMIZATION_LEVEL = 0;
				GCC_PREPROCESSOR_DEFINITIONS = (
					"DEBUG=1",
					"$(inherited)",
				);
				GCC_WARN_64_TO_32_BIT_CONVERSION = YES;
				GCC_WARN_ABOUT_RETURN_TYPE = YES_ERROR;
				GCC_WARN_UNDECLARED_SELECTOR = YES;
				GCC_WARN_UNINITIALIZED_AUTOS = YES_AGGRESSIVE;
				GCC_WARN_UNUSED_FUNCTION = YES;
				GCC_WARN_UNUSED_VARIABLE = YES;
				IPHONEOS_DEPLOYMENT_TARGET = 11.4;
				MTL_ENABLE_DEBUG_INFO = YES;
				ONLY_ACTIVE_ARCH = YES;
				SDKROOT = iphoneos;
				SWIFT_ACTIVE_COMPILATION_CONDITIONS = DEBUG;
				SWIFT_OPTIMIZATION_LEVEL = "-Onone";
			};
			name = Debug;
		};
		9675F6F1210E6F9E00081F58 /* Release */ = {
			isa = XCBuildConfiguration;
			buildSettings = {
				ALWAYS_SEARCH_USER_PATHS = NO;
				CLANG_ANALYZER_NONNULL = YES;
				CLANG_ANALYZER_NUMBER_OBJECT_CONVERSION = YES_AGGRESSIVE;
				CLANG_CXX_LANGUAGE_STANDARD = "gnu++14";
				CLANG_CXX_LIBRARY = "libc++";
				CLANG_ENABLE_MODULES = YES;
				CLANG_ENABLE_OBJC_ARC = YES;
				CLANG_ENABLE_OBJC_WEAK = YES;
				CLANG_WARN_BLOCK_CAPTURE_AUTORELEASING = YES;
				CLANG_WARN_BOOL_CONVERSION = YES;
				CLANG_WARN_COMMA = YES;
				CLANG_WARN_CONSTANT_CONVERSION = YES;
				CLANG_WARN_DEPRECATED_OBJC_IMPLEMENTATIONS = YES;
				CLANG_WARN_DIRECT_OBJC_ISA_USAGE = YES_ERROR;
				CLANG_WARN_DOCUMENTATION_COMMENTS = YES;
				CLANG_WARN_EMPTY_BODY = YES;
				CLANG_WARN_ENUM_CONVERSION = YES;
				CLANG_WARN_INFINITE_RECURSION = YES;
				CLANG_WARN_INT_CONVERSION = YES;
				CLANG_WARN_NON_LITERAL_NULL_CONVERSION = YES;
				CLANG_WARN_OBJC_IMPLICIT_RETAIN_SELF = YES;
				CLANG_WARN_OBJC_LITERAL_CONVERSION = YES;
				CLANG_WARN_OBJC_ROOT_CLASS = YES_ERROR;
				CLANG_WARN_RANGE_LOOP_ANALYSIS = YES;
				CLANG_WARN_STRICT_PROTOTYPES = YES;
				CLANG_WARN_SUSPICIOUS_MOVE = YES;
				CLANG_WARN_UNGUARDED_AVAILABILITY = YES_AGGRESSIVE;
				CLANG_WARN_UNREACHABLE_CODE = YES;
				CLANG_WARN__DUPLICATE_METHOD_MATCH = YES;
				CODE_SIGN_IDENTITY = "iPhone Developer";
				COPY_PHASE_STRIP = NO;
				DEBUG_INFORMATION_FORMAT = "dwarf-with-dsym";
				ENABLE_NS_ASSERTIONS = NO;
				ENABLE_STRICT_OBJC_MSGSEND = YES;
				GCC_C_LANGUAGE_STANDARD = gnu11;
				GCC_NO_COMMON_BLOCKS = YES;
				GCC_WARN_64_TO_32_BIT_CONVERSION = YES;
				GCC_WARN_ABOUT_RETURN_TYPE = YES_ERROR;
				GCC_WARN_UNDECLARED_SELECTOR = YES;
				GCC_WARN_UNINITIALIZED_AUTOS = YES_AGGRESSIVE;
				GCC_WARN_UNUSED_FUNCTION = YES;
				GCC_WARN_UNUSED_VARIABLE = YES;
				IPHONEOS_DEPLOYMENT_TARGET = 11.4;
				MTL_ENABLE_DEBUG_INFO = NO;
				SDKROOT = iphoneos;
				SWIFT_COMPILATION_MODE = wholemodule;
				SWIFT_OPTIMIZATION_LEVEL = "-O";
				VALIDATE_PRODUCT = YES;
			};
			name = Release;
		};
		9675F6F3210E6F9E00081F58 /* Debug */ = {
			isa = XCBuildConfiguration;
			buildSettings = {
				ASSETCATALOG_COMPILER_APPICON_NAME = AppIcon;
				CODE_SIGN_STYLE = Automatic;
				DEVELOPMENT_TEAM = M8DY28XM67;
				INFOPLIST_FILE = "one-app-ios/Info.plist";
				LD_RUNPATH_SEARCH_PATHS = (
					"$(inherited)",
					"@executable_path/Frameworks",
				);
				PRODUCT_BUNDLE_IDENTIFIER = "com.HackRU.one-app-ios";
				PRODUCT_NAME = "$(TARGET_NAME)";
				SWIFT_VERSION = 4.0;
				TARGETED_DEVICE_FAMILY = "1,2";
			};
			name = Debug;
		};
		9675F6F4210E6F9E00081F58 /* Release */ = {
			isa = XCBuildConfiguration;
			buildSettings = {
				ASSETCATALOG_COMPILER_APPICON_NAME = AppIcon;
				CODE_SIGN_STYLE = Automatic;
				DEVELOPMENT_TEAM = M8DY28XM67;
				INFOPLIST_FILE = "one-app-ios/Info.plist";
				LD_RUNPATH_SEARCH_PATHS = (
					"$(inherited)",
					"@executable_path/Frameworks",
				);
				PRODUCT_BUNDLE_IDENTIFIER = "com.HackRU.one-app-ios";
				PRODUCT_NAME = "$(TARGET_NAME)";
				SWIFT_VERSION = 4.0;
				TARGETED_DEVICE_FAMILY = "1,2";
			};
			name = Release;
		};
		9675F6F6210E6F9E00081F58 /* Debug */ = {
			isa = XCBuildConfiguration;
			buildSettings = {
				ALWAYS_EMBED_SWIFT_STANDARD_LIBRARIES = YES;
				BUNDLE_LOADER = "$(TEST_HOST)";
				CODE_SIGN_STYLE = Automatic;
				DEVELOPMENT_TEAM = M8DY28XM67;
				INFOPLIST_FILE = "one-app-iosTests/Info.plist";
				LD_RUNPATH_SEARCH_PATHS = (
					"$(inherited)",
					"@executable_path/Frameworks",
					"@loader_path/Frameworks",
				);
				PRODUCT_BUNDLE_IDENTIFIER = "com.HackRU.one-app-iosTests";
				PRODUCT_NAME = "$(TARGET_NAME)";
				SWIFT_VERSION = 4.0;
				TARGETED_DEVICE_FAMILY = "1,2";
				TEST_HOST = "$(BUILT_PRODUCTS_DIR)/one-app.app/one-app";
			};
			name = Debug;
		};
		9675F6F7210E6F9E00081F58 /* Release */ = {
			isa = XCBuildConfiguration;
			buildSettings = {
				ALWAYS_EMBED_SWIFT_STANDARD_LIBRARIES = YES;
				BUNDLE_LOADER = "$(TEST_HOST)";
				CODE_SIGN_STYLE = Automatic;
				DEVELOPMENT_TEAM = M8DY28XM67;
				INFOPLIST_FILE = "one-app-iosTests/Info.plist";
				LD_RUNPATH_SEARCH_PATHS = (
					"$(inherited)",
					"@executable_path/Frameworks",
					"@loader_path/Frameworks",
				);
				PRODUCT_BUNDLE_IDENTIFIER = "com.HackRU.one-app-iosTests";
				PRODUCT_NAME = "$(TARGET_NAME)";
				SWIFT_VERSION = 4.0;
				TARGETED_DEVICE_FAMILY = "1,2";
				TEST_HOST = "$(BUILT_PRODUCTS_DIR)/one-app.app/one-app";
			};
			name = Release;
		};
		9675F6F9210E6F9E00081F58 /* Debug */ = {
			isa = XCBuildConfiguration;
			buildSettings = {
				ALWAYS_EMBED_SWIFT_STANDARD_LIBRARIES = YES;
				CODE_SIGN_STYLE = Automatic;
				DEVELOPMENT_TEAM = M8DY28XM67;
				INFOPLIST_FILE = "one-app-iosUITests/Info.plist";
				LD_RUNPATH_SEARCH_PATHS = (
					"$(inherited)",
					"@executable_path/Frameworks",
					"@loader_path/Frameworks",
				);
				PRODUCT_BUNDLE_IDENTIFIER = "com.HackRU.one-app-iosUITests";
				PRODUCT_NAME = "$(TARGET_NAME)";
				SWIFT_VERSION = 4.0;
				TARGETED_DEVICE_FAMILY = "1,2";
				TEST_TARGET_NAME = "one-app-ios";
			};
			name = Debug;
		};
		9675F6FA210E6F9E00081F58 /* Release */ = {
			isa = XCBuildConfiguration;
			buildSettings = {
				ALWAYS_EMBED_SWIFT_STANDARD_LIBRARIES = YES;
				CODE_SIGN_STYLE = Automatic;
				DEVELOPMENT_TEAM = M8DY28XM67;
				INFOPLIST_FILE = "one-app-iosUITests/Info.plist";
				LD_RUNPATH_SEARCH_PATHS = (
					"$(inherited)",
					"@executable_path/Frameworks",
					"@loader_path/Frameworks",
				);
				PRODUCT_BUNDLE_IDENTIFIER = "com.HackRU.one-app-iosUITests";
				PRODUCT_NAME = "$(TARGET_NAME)";
				SWIFT_VERSION = 4.0;
				TARGETED_DEVICE_FAMILY = "1,2";
				TEST_TARGET_NAME = "one-app-ios";
			};
			name = Release;
		};
/* End XCBuildConfiguration section */

/* Begin XCConfigurationList section */
		9675F6C5210E6F9C00081F58 /* Build configuration list for PBXProject "one-app" */ = {
			isa = XCConfigurationList;
			buildConfigurations = (
				9675F6F0210E6F9E00081F58 /* Debug */,
				9675F6F1210E6F9E00081F58 /* Release */,
			);
			defaultConfigurationIsVisible = 0;
			defaultConfigurationName = Release;
		};
		9675F6F2210E6F9E00081F58 /* Build configuration list for PBXNativeTarget "one-app" */ = {
			isa = XCConfigurationList;
			buildConfigurations = (
				9675F6F3210E6F9E00081F58 /* Debug */,
				9675F6F4210E6F9E00081F58 /* Release */,
			);
			defaultConfigurationIsVisible = 0;
			defaultConfigurationName = Release;
		};
		9675F6F5210E6F9E00081F58 /* Build configuration list for PBXNativeTarget "one-appTests" */ = {
			isa = XCConfigurationList;
			buildConfigurations = (
				9675F6F6210E6F9E00081F58 /* Debug */,
				9675F6F7210E6F9E00081F58 /* Release */,
			);
			defaultConfigurationIsVisible = 0;
			defaultConfigurationName = Release;
		};
		9675F6F8210E6F9E00081F58 /* Build configuration list for PBXNativeTarget "one-appUITests" */ = {
			isa = XCConfigurationList;
			buildConfigurations = (
				9675F6F9210E6F9E00081F58 /* Debug */,
				9675F6FA210E6F9E00081F58 /* Release */,
			);
			defaultConfigurationIsVisible = 0;
			defaultConfigurationName = Release;
		};
/* End XCConfigurationList section */
	};
	rootObject = 9675F6C2210E6F9C00081F58 /* Project object */;
}
